
Microsoft Visual Studio Solution File, Format Version 12.00
# Visual Studio 15
VisualStudioVersion = 15.0.26730.16
MinimumVisualStudioVersion = 10.0.40219.1
Project("{FAE04EC0-301F-11D3-BF4B-00C04F79EFBC}") = "[b2]projetPOO-échecsgame", "[b2]projetPOO-checsgame\[b2]projetPOO-échecsgame.csproj", "{8A41404A-DB99-4207-BB10-F8AC3F4E2A45}"
EndProject
Global
	GlobalSection(SolutionConfigurationPlatforms) = preSolution
		Debug|Any CPU = Debug|Any CPU
		Release|Any CPU = Release|Any CPU
	EndGlobalSection
	GlobalSection(ProjectConfigurationPlatforms) = postSolution
		{8A41404A-DB99-4207-BB10-F8AC3F4E2A45}.Debug|Any CPU.ActiveCfg = Debug|Any CPU
		{8A41404A-DB99-4207-BB10-F8AC3F4E2A45}.Debug|Any CPU.Build.0 = Debug|Any CPU
		{8A41404A-DB99-4207-BB10-F8AC3F4E2A45}.Release|Any CPU.ActiveCfg = Release|Any CPU
		{8A41404A-DB99-4207-BB10-F8AC3F4E2A45}.Release|Any CPU.Build.0 = Release|Any CPU
	EndGlobalSection
	GlobalSection(SolutionProperties) = preSolution
		HideSolutionNode = FALSE
	EndGlobalSection
	GlobalSection(ExtensibilityGlobals) = postSolution
		SolutionGuid = {3B475535-F17F-41C0-A0AB-31C73B1042C9}
	EndGlobalSection
EndGlobal
